version = 1
revision = 3
requires-python = "==3.14.*"

[[package]]
name = "bluetooth-auth"
version = "0.1.0"
source = { editable = "." }
dependencies = [
    { name = "dbus-fast" },
]

[package.metadata]
requires-dist = [{ name = "dbus-fast", specifier = ">=4.0.4,<6" }]

[[package]]
name = "dbus-fast"
version = "5.0.22"
source = { registry = "https://pypi.org/simple" }
sdist = { url = "https://files.pythonhosted.org/packages/aa/db/b621610e50b1bc46ff63534d75239553c1bf33256de6096b58214fd9808a/dbus_fast-5.0.22.tar.gz", hash = "sha256:34dc67d7d21a12399828dd13e63b352750580beea54ea7c729e708f2d2905fef", size = 83224, upload-time = "2026-06-05T18:47:59.171Z" }
wheels = [
    { url = "https://files.pythonhosted.org/packages/2b/b6/171f8e92775254e2f42afe9e7501a57ace47f32de2969cb694a375dc9dce/dbus_fast-5.0.22-cp314-cp314-macosx_11_0_arm64.whl", hash = "sha256:511655d915692f55b8c5f5a535acf80cca9c6d1a35384db7fcfdabaae05dd837", size = 692986, upload-time = "2026-06-05T18:56:24.661Z" },
    { url = "https://files.pythonhosted.org/packages/b3/8c/4eefaabdf538882528164060ae83d9a34f1172b019c32c3254436834e9b1/dbus_fast-5.0.22-cp314-cp314-manylinux2014_aarch64.manylinux_2_17_aarch64.manylinux_2_28_aarch64.whl", hash = "sha256:703e0f8f9af52e8e053394ee2b578042be0c3d8ea2b1488f9db8cb14393cc13f", size = 810835, upload-time = "2026-06-05T18:56:26.356Z" },
    { url = "https://files.pythonhosted.org/packages/f5/cf/fd327dbb40ee67a9331fb587bf78aff2ab1500b35979978a5cacb10d7f8c/dbus_fast-5.0.22-cp314-cp314-manylinux2014_x86_64.manylinux_2_17_x86_64.manylinux_2_28_x86_64.whl", hash = "sha256:eb1d7e8e65561d0fd438004fd9e0f981c8a862912fed58dd4e29db1936c39d73", size = 855498, upload-time = "2026-06-05T18:56:28.009Z" },
    { url = "https://files.pythonhosted.org/packages/56/33/1709ebc16a4d353ddc4fcd29252e2b9d93bded6422a45fd6df170e0911c1/dbus_fast-5.0.22-cp314-cp314-manylinux_2_31_riscv64.manylinux_2_39_riscv64.whl", hash = "sha256:959fab6420897ab99410e67d6f9f9a7f6f4cedb6014700768f5e2d71dbff5dc6", size = 833510, upload-time = "2026-06-05T18:56:29.806Z" },
    { url = "https://files.pythonhosted.org/packages/b0/fd/89d7c34152900d986b9c78e39cc62aa73eefc22b57b3a8c946d945a85540/dbus_fast-5.0.22-cp314-cp314-manylinux_2_41_x86_64.whl", hash = "sha256:eb31c5ff339a7071b914617a69d5b7c6ba7d411da4b01a5f9b5b2fe51e9d1301", size = 853669, upload-time = "2026-06-05T18:47:56.747Z" },
    { url = "https://files.pythonhosted.org/packages/a6/a1/031cc4a89d947f1fe110f663f93dcce9230213b7accaf719790d813def04/dbus_fast-5.0.22-cp314-cp314-musllinux_1_2_aarch64.whl", hash = "sha256:856f0543c593f3480e93e67bcd1aa4ddc1d94a6076cfd3ad4e0f5e2b01b33dc3", size = 818486, upload-time = "2026-06-05T18:56:31.72Z" },
    { url = "https://files.pythonhosted.org/packages/36/e2/de8b764fdb947314fb8c2e079b556510194fd100983776845e234a107cc9/dbus_fast-5.0.22-cp314-cp314-musllinux_1_2_riscv64.whl", hash = "sha256:96d231d128c1f46f263790335897195dde9dac2f38571782db8ae1d8647bd548", size = 833582, upload-time = "2026-06-05T18:56:33.325Z" },
    { url = "https://files.pythonhosted.org/packages/b0/1f/e5f0dd28d07c4b3f7bafd3357bfa424c8dace355a3dad921fec05db4634b/dbus_fast-5.0.22-cp314-cp314-musllinux_1_2_x86_64.whl", hash = "sha256:595bd3ccfd8318cbafff79f33a15709fee3728724fd61d5fa220080d73b574cb", size = 862291, upload-time = "2026-06-05T18:56:35.102Z" },
    { url = "https://files.pythonhosted.org/packages/7c/dd/61086156a1c2d8ffd04d61a232debbaff8ca9fc1cf598476999e1f06164d/dbus_fast-5.0.22-cp314-cp314t-macosx_11_0_arm64.whl", hash = "sha256:69a077c296eaab8c30160e861b5514c33d99d67d41d17dbf02e89aae44543b11", size = 1353993, upload-time = "2026-06-05T18:56:36.849Z" },
    { url = "https://files.pythonhosted.org/packages/26/69/5b54654f598ef98e8f94fd5a40929668b1f8fcd76e7fb50de0db73d329da/dbus_fast-5.0.22-cp314-cp314t-manylinux2014_aarch64.manylinux_2_17_aarch64.manylinux_2_28_aarch64.whl", hash = "sha256:04bac97d0cb754a4d13037d0132517f1df28192d6e0568a0bf6df06623062285", size = 1534804, upload-time = "2026-06-05T18:56:38.804Z" },
    { url = "https://files.pythonhosted.org/packages/24/b7/c00d01699dc87ffc35f143226d3b296372840e2e2bc15101d35df7c74949/dbus_fast-5.0.22-cp314-cp314t-manylinux2014_x86_64.manylinux_2_17_x86_64.manylinux_2_28_x86_64.whl", hash = "sha256:3eb57d592d84b0bb90e0c077db7ecb61562f49cc9b86a3ef08cbe17243e9cc4f", size = 1613316, upload-time = "2026-06-05T18:56:40.461Z" },
    { url = "https://files.pythonhosted.org/packages/f3/94/ea0db4c1aa6409cb16551b50aa8573e72f64407ca5281b042919ef81ca1c/dbus_fast-5.0.22-cp314-cp314t-manylinux_2_31_riscv64.manylinux_2_39_riscv64.whl", hash = "sha256:de4d235d1282ebb3ab65b6cddab84e914c045d92ceb381ddcbdbaf66bf1fb132", size = 822053, upload-time = "2026-06-05T18:56:42.519Z" },
    { url = "https://files.pythonhosted.org/packages/40/e4/a3bb52185b8a8c76bd8aaba3ff4fa8395eea19fbc142122b43dc377b275c/dbus_fast-5.0.22-cp314-cp314t-musllinux_1_2_aarch64.whl", hash = "sha256:048f34299fbe82d7b87c56f47e8bd83f62339a4517685abc6671d603a55d2c89", size = 1549996, upload-time = "2026-06-05T18:56:44.307Z" },
    { url = "https://files.pythonhosted.org/packages/37/2b/6e405ba92e87d78a689a387809d975f97f8c8748b98efccfacd2b4e1d9f5/dbus_fast-5.0.22-cp314-cp314t-musllinux_1_2_riscv64.whl", hash = "sha256:92df9fb6d8adeb17b534621c2ee730295bbe1d0c2584d5c82b1db478e3f04e8f", size = 823004, upload-time = "2026-06-05T18:56:46.023Z" },
    { url = "https://files.pythonhosted.org/packages/b8/8f/77135ab8d690030cdb0ebeca879640b5945c4cbf5344ecbc507b4628da24/dbus_fast-5.0.22-cp314-cp314t-musllinux_1_2_x86_64.whl", hash = "sha256:7be4271e38251f1ad726962dec60da887c8ed352d157352e4fc27f56aece5c5d", size = 1629160, upload-time = "2026-06-05T18:56:47.688Z" },
]
