version = 1
revision = 3
requires-python = "==3.14.*"

[[package]]
name = "bluetooth-auth"
version = "0.1.0"
source = { editable = "." }
dependencies = [
    { name = "dbus-fast" },
]

[package.metadata]
requires-dist = [{ name = "dbus-fast", specifier = ">=4.0.4,<6" }]

[[package]]
name = "dbus-fast"
version = "5.0.17"
source = { registry = "https://pypi.org/simple" }
sdist = { url = "https://files.pythonhosted.org/packages/c3/a3/7dec17915085ee776c14a211c1defc58c8f0e51ea235bc8e750f1744ceca/dbus_fast-5.0.17.tar.gz", hash = "sha256:c8dbe4c30adeee61d2c84005a1ad1bccfd2961fee7d995e876db5117f502a20f", size = 83213, upload-time = "2026-06-02T04:23:48.699Z" }
wheels = [
    { url = "https://files.pythonhosted.org/packages/14/49/403723853cf4557c80ca92f1de41c28b76aecf7eb1e000c7635b83c6eb8a/dbus_fast-5.0.17-cp314-cp314-macosx_11_0_arm64.whl", hash = "sha256:b434580e4a4683ec548761bb4d0db025d5298e943d6eb16e3ca00c3dfd5a41d7", size = 693318, upload-time = "2026-06-02T04:41:06.673Z" },
    { url = "https://files.pythonhosted.org/packages/73/17/2d7bdc69139edde54ab41aaf2db181bb56163680c6c8b292b69d571360ae/dbus_fast-5.0.17-cp314-cp314-manylinux2014_aarch64.manylinux_2_17_aarch64.manylinux_2_28_aarch64.whl", hash = "sha256:61447dda5bf86cf0f1512e2f89d245a869eb5fb0016c62b5e34089f9428ed10b", size = 811479, upload-time = "2026-06-02T04:41:08.74Z" },
    { url = "https://files.pythonhosted.org/packages/61/68/a19bec62dda2ca62d59b11e9279682adf7583c5712cecad2cb0cf5930b8a/dbus_fast-5.0.17-cp314-cp314-manylinux2014_x86_64.manylinux_2_17_x86_64.manylinux_2_28_x86_64.whl", hash = "sha256:00cae78c4f72a5a745c90a30d507faa73b553af005c260206fcf5281ea41cec6", size = 856395, upload-time = "2026-06-02T04:41:10.599Z" },
    { url = "https://files.pythonhosted.org/packages/25/38/66f562885533fbb628cbd463edeceace477ca077d5d5fa5084433fd5b100/dbus_fast-5.0.17-cp314-cp314-manylinux_2_31_riscv64.manylinux_2_39_riscv64.whl", hash = "sha256:c75b6567e2cefc1325c3d9654e24a15c60134ea5eb9afef5f7ef3e2d7d7cb7b6", size = 834189, upload-time = "2026-06-02T04:41:12.712Z" },
    { url = "https://files.pythonhosted.org/packages/67/bc/626786b044dd84b5d884d12854136f04c6eddf1f01c1b4dc3126245f3bc4/dbus_fast-5.0.17-cp314-cp314-manylinux_2_41_x86_64.whl", hash = "sha256:383d8c314b03de72e4117208b49132533a41c0e750bc4e1526bd8f1db1da5c92", size = 854644, upload-time = "2026-06-02T04:23:46Z" },
    { url = "https://files.pythonhosted.org/packages/26/1e/f9bd647a0828dc1e605db6b3a1db70fd46a26ef75249ef06dc2ede386c6f/dbus_fast-5.0.17-cp314-cp314-musllinux_1_2_aarch64.whl", hash = "sha256:311cd2c1249f9bdce4cd9656370f592e133e4cfc8c5a116bae158496d0623c8d", size = 819209, upload-time = "2026-06-02T04:41:14.568Z" },
    { url = "https://files.pythonhosted.org/packages/f1/9b/f01a8c5e9f76e215a5886050a6fb89637ec58b116f5c2971f085a9f84892/dbus_fast-5.0.17-cp314-cp314-musllinux_1_2_riscv64.whl", hash = "sha256:b62a9783c443f16b7817830cb99dbe34a2cc9a9b067d770ab02ad082d83cf099", size = 834370, upload-time = "2026-06-02T04:41:16.513Z" },
    { url = "https://files.pythonhosted.org/packages/dd/04/695824bf9c065f644fc6bd0ae4ddc4be3c13930d9001c9ea83d69d6d9812/dbus_fast-5.0.17-cp314-cp314-musllinux_1_2_x86_64.whl", hash = "sha256:c7ef2d704774b61f0260383c26e1d263e7cc3d5e222a783eccc20b9dacd294d4", size = 863185, upload-time = "2026-06-02T04:41:18.53Z" },
    { url = "https://files.pythonhosted.org/packages/89/a0/09a245fea1265ef73b700915c4655c3c4d13161ace835ac0f4cae5a9307a/dbus_fast-5.0.17-cp314-cp314t-macosx_11_0_arm64.whl", hash = "sha256:bf34c02caf31397688517b5371f671cca929235e588fd039edaa72a2a80fa8d0", size = 1354779, upload-time = "2026-06-02T04:41:20.47Z" },
    { url = "https://files.pythonhosted.org/packages/c8/48/9444d5d8597440b13662bca4953259b6d339dbd850e260186593779d915e/dbus_fast-5.0.17-cp314-cp314t-manylinux2014_aarch64.manylinux_2_17_aarch64.manylinux_2_28_aarch64.whl", hash = "sha256:bd5f0f6a6666d26856d487a0707a929663f827e50ec5e021a8daf5bef8ca1cac", size = 1535341, upload-time = "2026-06-02T04:41:22.406Z" },
    { url = "https://files.pythonhosted.org/packages/b8/ef/18d2a59e6af6a2e4f2d384f82d4e464f83446ad2e388ef855f3f0e8013b6/dbus_fast-5.0.17-cp314-cp314t-manylinux2014_x86_64.manylinux_2_17_x86_64.manylinux_2_28_x86_64.whl", hash = "sha256:1616e08fc3940df827418acaf39482a0c143a445159edc76187850be1f518064", size = 1614216, upload-time = "2026-06-02T04:41:24.665Z" },
    { url = "https://files.pythonhosted.org/packages/a9/e3/8d06f0cb89987d1562388d62921b374a6621503e406f725fc9471facf141/dbus_fast-5.0.17-cp314-cp314t-manylinux_2_31_riscv64.manylinux_2_39_riscv64.whl", hash = "sha256:15b70d946caa15584f0638e0d19bb4847fbcd1ccfc7b3c92015534366b41f2b1", size = 822331, upload-time = "2026-06-02T04:41:26.703Z" },
    { url = "https://files.pythonhosted.org/packages/ee/96/bc16dac81c48f8087149eddb6f02c3d7b2c645ad22f7e40db21a1bf313a2/dbus_fast-5.0.17-cp314-cp314t-musllinux_1_2_aarch64.whl", hash = "sha256:01326f224e4f1b574fc1e750a9b45b56306110c0d61975cbf52317f7b02b176d", size = 1550625, upload-time = "2026-06-02T04:41:28.504Z" },
    { url = "https://files.pythonhosted.org/packages/4a/a1/539c8e47e5a5f2755c7e2df0a6bbbfcda22bfb5bc9991602348d1c7c32a4/dbus_fast-5.0.17-cp314-cp314t-musllinux_1_2_riscv64.whl", hash = "sha256:47650ef8ee6365e20fd5e4724f06235c2ee4eec30ee18a675415730df0b15919", size = 823302, upload-time = "2026-06-02T04:41:30.606Z" },
    { url = "https://files.pythonhosted.org/packages/54/24/97a30df7d5fbe35294e019ed4edd83e636941b3a3c76f0803e7bf30e3564/dbus_fast-5.0.17-cp314-cp314t-musllinux_1_2_x86_64.whl", hash = "sha256:768e3c5f6bfaadebd42307aa2040deb6197b0c8495faddaef1f34bab943d02c2", size = 1630060, upload-time = "2026-06-02T04:41:32.942Z" },
]
